// !$*UTF8*$!
{
	archiveVersion = 1;
	classes = {
	};
	objectVersion = 56;
	objects = {

/* Begin PBXBuildFile section */
		5E0D012E2BBFF72800C90B63 /* PokettoApp.swift in Sources */ = {isa = PBXBuildFile; fileRef = 5E0D012D2BBFF72800C90B63 /* PokettoApp.swift */; };
		5E0D01302BBFF72800C90B63 /* ViewCordinator.swift in Sources */ = {isa = PBXBuildFile; fileRef = 5E0D012F2BBFF72800C90B63 /* ViewCordinator.swift */; };
		5E0D01322BBFF72A00C90B63 /* Assets.xcassets in Resources */ = {isa = PBXBuildFile; fileRef = 5E0D01312BBFF72A00C90B63 /* Assets.xcassets */; };
		5E0D01352BBFF72A00C90B63 /* Preview Assets.xcassets in Resources */ = {isa = PBXBuildFile; fileRef = 5E0D01342BBFF72A00C90B63 /* Preview Assets.xcassets */; };
		5E0D01412BC00BD100C90B63 /* PokemonList.swift in Sources */ = {isa = PBXBuildFile; fileRef = 5E0D01402BC00BD100C90B63 /* PokemonList.swift */; };
		5E0D01482BC00C1400C90B63 /* MyPokemon.swift in Sources */ = {isa = PBXBuildFile; fileRef = 5E0D01472BC00C1400C90B63 /* MyPokemon.swift */; };
		5E0D014B2BC00C3300C90B63 /* PokemonDetailView.swift in Sources */ = {isa = PBXBuildFile; fileRef = 5E0D014A2BC00C3300C90B63 /* PokemonDetailView.swift */; };
		5E0D014E2BC01A3000C90B63 /* PokettoTabView.swift in Sources */ = {isa = PBXBuildFile; fileRef = 5E0D014D2BC01A3000C90B63 /* PokettoTabView.swift */; };
		5E0D01512BC01C4A00C90B63 /* Splashscreen.swift in Sources */ = {isa = PBXBuildFile; fileRef = 5E0D01502BC01C4A00C90B63 /* Splashscreen.swift */; };
		5E0D01542BC0271000C90B63 /* Pokemon.swift in Sources */ = {isa = PBXBuildFile; fileRef = 5E0D01532BC0271000C90B63 /* Pokemon.swift */; };
		5E0D01562BC02D9800C90B63 /* PokemonCell.swift in Sources */ = {isa = PBXBuildFile; fileRef = 5E0D01552BC02D9800C90B63 /* PokemonCell.swift */; };
		5E0D01582BC0348700C90B63 /* APIService.swift in Sources */ = {isa = PBXBuildFile; fileRef = 5E0D01572BC0348700C90B63 /* APIService.swift */; };
		5E0D015A2BC0349200C90B63 /* Constants.swift in Sources */ = {isa = PBXBuildFile; fileRef = 5E0D01592BC0349200C90B63 /* Constants.swift */; };
		5E0D015D2BC0830400C90B63 /* PokemonAPI in Frameworks */ = {isa = PBXBuildFile; productRef = 5E0D015C2BC0830400C90B63 /* PokemonAPI */; };
		5E0D015F2BC0892800C90B63 /* PokemonDetail.swift in Sources */ = {isa = PBXBuildFile; fileRef = 5E0D015E2BC0892800C90B63 /* PokemonDetail.swift */; };
		5E0D01652BC0935800C90B63 /* ColorUtility.swift in Sources */ = {isa = PBXBuildFile; fileRef = 5E0D01642BC0935800C90B63 /* ColorUtility.swift */; };
		5E0D01672BC0B5CF00C90B63 /* MathHelper.swift in Sources */ = {isa = PBXBuildFile; fileRef = 5E0D01662BC0B5CF00C90B63 /* MathHelper.swift */; };
		5E4365CA2BC1ECAA00457B65 /* PokemonDetails.swift in Sources */ = {isa = PBXBuildFile; fileRef = 5E4365C92BC1ECAA00457B65 /* PokemonDetails.swift */; };
		5E4365CD2BC1FB8900457B65 /* PokemonViewModel.swift in Sources */ = {isa = PBXBuildFile; fileRef = 5E4365CC2BC1FB8900457B65 /* PokemonViewModel.swift */; };
		5E4365D02BC204FD00457B65 /* AsyncImageView.swift in Sources */ = {isa = PBXBuildFile; fileRef = 5E4365CF2BC204FD00457B65 /* AsyncImageView.swift */; };
/* End PBXBuildFile section */

/* Begin PBXFileReference section */
		5E0D012A2BBFF72800C90B63 /* Poketto.app */ = {isa = PBXFileReference; explicitFileType = wrapper.application; includeInIndex = 0; path = Poketto.app; sourceTree = BUILT_PRODUCTS_DIR; };
		5E0D012D2BBFF72800C90B63 /* PokettoApp.swift */ = {isa = PBXFileReference; lastKnownFileType = sourcecode.swift; path = PokettoApp.swift; sourceTree = "<group>"; };
		5E0D012F2BBFF72800C90B63 /* ViewCordinator.swift */ = {isa = PBXFileReference; lastKnownFileType = sourcecode.swift; path = ViewCordinator.swift; sourceTree = "<group>"; };
		5E0D01312BBFF72A00C90B63 /* Assets.xcassets */ = {isa = PBXFileReference; lastKnownFileType = folder.assetcatalog; path = Assets.xcassets; sourceTree = "<group>"; };
		5E0D01342BBFF72A00C90B63 /* Preview Assets.xcassets */ = {isa = PBXFileReference; lastKnownFileType = folder.assetcatalog; path = "Preview Assets.xcassets"; sourceTree = "<group>"; };
		5E0D01402BC00BD100C90B63 /* PokemonList.swift */ = {isa = PBXFileReference; lastKnownFileType = sourcecode.swift; path = PokemonList.swift; sourceTree = "<group>"; };
		5E0D01472BC00C1400C90B63 /* MyPokemon.swift */ = {isa = PBXFileReference; lastKnownFileType = sourcecode.swift; path = MyPokemon.swift; sourceTree = "<group>"; };
		5E0D014A2BC00C3300C90B63 /* PokemonDetailView.swift */ = {isa = PBXFileReference; lastKnownFileType = sourcecode.swift; path = PokemonDetailView.swift; sourceTree = "<group>"; };
		5E0D014D2BC01A3000C90B63 /* PokettoTabView.swift */ = {isa = PBXFileReference; lastKnownFileType = sourcecode.swift; path = PokettoTabView.swift; sourceTree = "<group>"; };
		5E0D01502BC01C4A00C90B63 /* Splashscreen.swift */ = {isa = PBXFileReference; lastKnownFileType = sourcecode.swift; path = Splashscreen.swift; sourceTree = "<group>"; };
		5E0D01532BC0271000C90B63 /* Pokemon.swift */ = {isa = PBXFileReference; lastKnownFileType = sourcecode.swift; path = Pokemon.swift; sourceTree = "<group>"; };
		5E0D01552BC02D9800C90B63 /* PokemonCell.swift */ = {isa = PBXFileReference; lastKnownFileType = sourcecode.swift; path = PokemonCell.swift; sourceTree = "<group>"; };
		5E0D01572BC0348700C90B63 /* APIService.swift */ = {isa = PBXFileReference; lastKnownFileType = sourcecode.swift; path = APIService.swift; sourceTree = "<group>"; };
		5E0D01592BC0349200C90B63 /* Constants.swift */ = {isa = PBXFileReference; lastKnownFileType = sourcecode.swift; path = Constants.swift; sourceTree = "<group>"; };
		5E0D015E2BC0892800C90B63 /* PokemonDetail.swift */ = {isa = PBXFileReference; lastKnownFileType = sourcecode.swift; path = PokemonDetail.swift; sourceTree = "<group>"; };
		5E0D01642BC0935800C90B63 /* ColorUtility.swift */ = {isa = PBXFileReference; lastKnownFileType = sourcecode.swift; path = ColorUtility.swift; sourceTree = "<group>"; };
		5E0D01662BC0B5CF00C90B63 /* MathHelper.swift */ = {isa = PBXFileReference; lastKnownFileType = sourcecode.swift; path = MathHelper.swift; sourceTree = "<group>"; };
		5E4365C92BC1ECAA00457B65 /* PokemonDetails.swift */ = {isa = PBXFileReference; lastKnownFileType = sourcecode.swift; path = PokemonDetails.swift; sourceTree = "<group>"; };
		5E4365CC2BC1FB8900457B65 /* PokemonViewModel.swift */ = {isa = PBXFileReference; lastKnownFileType = sourcecode.swift; path = PokemonViewModel.swift; sourceTree = "<group>"; };
		5E4365CF2BC204FD00457B65 /* AsyncImageView.swift */ = {isa = PBXFileReference; lastKnownFileType = sourcecode.swift; path = AsyncImageView.swift; sourceTree = "<group>"; };
/* End PBXFileReference section */

/* Begin PBXFrameworksBuildPhase section */
		5E0D01272BBFF72800C90B63 /* Frameworks */ = {
			isa = PBXFrameworksBuildPhase;
			buildActionMask = 2147483647;
			files = (
				5E0D015D2BC0830400C90B63 /* PokemonAPI in Frameworks */,
			);
			runOnlyForDeploymentPostprocessing = 0;
		};
/* End PBXFrameworksBuildPhase section */

/* Begin PBXGroup section */
		5E0D01212BBFF72800C90B63 = {
			isa = PBXGroup;
			children = (
				5E0D012C2BBFF72800C90B63 /* Poketto */,
				5E0D012B2BBFF72800C90B63 /* Products */,
			);
			sourceTree = "<group>";
		};
		5E0D012B2BBFF72800C90B63 /* Products */ = {
			isa = PBXGroup;
			children = (
				5E0D012A2BBFF72800C90B63 /* Poketto.app */,
			);
			name = Products;
			sourceTree = "<group>";
		};
		5E0D012C2BBFF72800C90B63 /* Poketto */ = {
			isa = PBXGroup;
			children = (
				5E0D013B2BC00B6F00C90B63 /* App */,
				5E4365CE2BC204EB00457B65 /* Components */,
				5E0D013E2BC00B8600C90B63 /* Helper */,
				5E0D013D2BC00B8000C90B63 /* Core */,
				5E0D01332BBFF72A00C90B63 /* Preview Content */,
				5E0D013C2BC00B7500C90B63 /* Resources */,
				5E0D013F2BC00B8C00C90B63 /* Services */,
			);
			path = Poketto;
			sourceTree = "<group>";
		};
		5E0D01332BBFF72A00C90B63 /* Preview Content */ = {
			isa = PBXGroup;
			children = (
				5E0D01342BBFF72A00C90B63 /* Preview Assets.xcassets */,
			);
			path = "Preview Content";
			sourceTree = "<group>";
		};
		5E0D013B2BC00B6F00C90B63 /* App */ = {
			isa = PBXGroup;
			children = (
				5E0D012D2BBFF72800C90B63 /* PokettoApp.swift */,
			);
			path = App;
			sourceTree = "<group>";
		};
		5E0D013C2BC00B7500C90B63 /* Resources */ = {
			isa = PBXGroup;
			children = (
				5E0D01312BBFF72A00C90B63 /* Assets.xcassets */,
			);
			path = Resources;
			sourceTree = "<group>";
		};
		5E0D013D2BC00B8000C90B63 /* Core */ = {
			isa = PBXGroup;
			children = (
				5E0D01522BC026FE00C90B63 /* Model */,
				5E4365CB2BC1FB7B00457B65 /* ViewModel */,
				5EB5E6332BC27D90002D206D /* Views */,
			);
			path = Core;
			sourceTree = "<group>";
		};
		5E0D013E2BC00B8600C90B63 /* Helper */ = {
			isa = PBXGroup;
			children = (
				5E0D01642BC0935800C90B63 /* ColorUtility.swift */,
				5E0D01662BC0B5CF00C90B63 /* MathHelper.swift */,
			);
			path = Helper;
			sourceTree = "<group>";
		};
		5E0D013F2BC00B8C00C90B63 /* Services */ = {
			isa = PBXGroup;
			children = (
				5E0D01572BC0348700C90B63 /* APIService.swift */,
				5E0D01592BC0349200C90B63 /* Constants.swift */,
			);
			path = Services;
			sourceTree = "<group>";
		};
		5E0D01452BC00BF800C90B63 /* Subviews */ = {
			isa = PBXGroup;
			children = (
				5E0D01552BC02D9800C90B63 /* PokemonCell.swift */,
			);
			path = Subviews;
			sourceTree = "<group>";
		};
		5E0D014C2BC01A1C00C90B63 /* Tab */ = {
			isa = PBXGroup;
			children = (
				5E0D014D2BC01A3000C90B63 /* PokettoTabView.swift */,
			);
			path = Tab;
			sourceTree = "<group>";
		};
		5E0D014F2BC01A5200C90B63 /* Splashcreen */ = {
			isa = PBXGroup;
			children = (
				5E0D01502BC01C4A00C90B63 /* Splashscreen.swift */,
				5E0D012F2BBFF72800C90B63 /* ViewCordinator.swift */,
			);
			path = Splashcreen;
			sourceTree = "<group>";
		};
		5E0D01522BC026FE00C90B63 /* Model */ = {
			isa = PBXGroup;
			children = (
				5E0D01532BC0271000C90B63 /* Pokemon.swift */,
				5E0D015E2BC0892800C90B63 /* PokemonDetail.swift */,
				5E4365C92BC1ECAA00457B65 /* PokemonDetails.swift */,
			);
			path = Model;
			sourceTree = "<group>";
		};
		5E4365CB2BC1FB7B00457B65 /* ViewModel */ = {
			isa = PBXGroup;
			children = (
				5E4365CC2BC1FB8900457B65 /* PokemonViewModel.swift */,
			);
			path = ViewModel;
			sourceTree = "<group>";
		};
		5E4365CE2BC204EB00457B65 /* Components */ = {
			isa = PBXGroup;
			children = (
				5E4365CF2BC204FD00457B65 /* AsyncImageView.swift */,
			);
			path = Components;
			sourceTree = "<group>";
		};
		5EB5E6332BC27D90002D206D /* Views */ = {
			isa = PBXGroup;
			children = (
				5E0D01472BC00C1400C90B63 /* MyPokemon.swift */,
				5E0D014A2BC00C3300C90B63 /* PokemonDetailView.swift */,
				5E0D01402BC00BD100C90B63 /* PokemonList.swift */,
				5E0D014F2BC01A5200C90B63 /* Splashcreen */,
				5E0D01452BC00BF800C90B63 /* Subviews */,
				5E0D014C2BC01A1C00C90B63 /* Tab */,
			);
			path = Views;
			sourceTree = "<group>";
		};
/* End PBXGroup section */

/* Begin PBXNativeTarget section */
		5E0D01292BBFF72800C90B63 /* Poketto */ = {
			isa = PBXNativeTarget;
			buildConfigurationList = 5E0D01382BBFF72A00C90B63 /* Build configuration list for PBXNativeTarget "Poketto" */;
			buildPhases = (
				5E0D01262BBFF72800C90B63 /* Sources */,
				5E0D01272BBFF72800C90B63 /* Frameworks */,
				5E0D01282BBFF72800C90B63 /* Resources */,
			);
			buildRules = (
			);
			dependencies = (
			);
			name = Poketto;
			packageProductDependencies = (
				5E0D015C2BC0830400C90B63 /* PokemonAPI */,
			);
			productName = Poketto;
			productReference = 5E0D012A2BBFF72800C90B63 /* Poketto.app */;
			productType = "com.apple.product-type.application";
		};
/* End PBXNativeTarget section */

/* Begin PBXProject section */
		5E0D01222BBFF72800C90B63 /* Project object */ = {
			isa = PBXProject;
			attributes = {
				BuildIndependentTargetsInParallel = 1;
				LastSwiftUpdateCheck = 1500;
				LastUpgradeCheck = 1500;
				TargetAttributes = {
					5E0D01292BBFF72800C90B63 = {
						CreatedOnToolsVersion = 15.0.1;
					};
				};
			};
			buildConfigurationList = 5E0D01252BBFF72800C90B63 /* Build configuration list for PBXProject "Poketto" */;
			compatibilityVersion = "Xcode 14.0";
			developmentRegion = en;
			hasScannedForEncodings = 0;
			knownRegions = (
				en,
				Base,
			);
			mainGroup = 5E0D01212BBFF72800C90B63;
			packageReferences = (
				5E0D015B2BC0830400C90B63 /* XCRemoteSwiftPackageReference "PokemonAPI" */,
			);
			productRefGroup = 5E0D012B2BBFF72800C90B63 /* Products */;
			projectDirPath = "";
			projectRoot = "";
			targets = (
				5E0D01292BBFF72800C90B63 /* Poketto */,
			);
		};
/* End PBXProject section */

/* Begin PBXResourcesBuildPhase section */
		5E0D01282BBFF72800C90B63 /* Resources */ = {
			isa = PBXResourcesBuildPhase;
			buildActionMask = 2147483647;
			files = (
				5E0D01352BBFF72A00C90B63 /* Preview Assets.xcassets in Resources */,
				5E0D01322BBFF72A00C90B63 /* Assets.xcassets in Resources */,
			);
			runOnlyForDeploymentPostprocessing = 0;
		};
/* End PBXResourcesBuildPhase section */

/* Begin PBXSourcesBuildPhase section */
		5E0D01262BBFF72800C90B63 /* Sources */ = {
			isa = PBXSourcesBuildPhase;
			buildActionMask = 2147483647;
			files = (
				5E0D01512BC01C4A00C90B63 /* Splashscreen.swift in Sources */,
				5E0D01542BC0271000C90B63 /* Pokemon.swift in Sources */,
				5E0D01302BBFF72800C90B63 /* ViewCordinator.swift in Sources */,
				5E0D01482BC00C1400C90B63 /* MyPokemon.swift in Sources */,
				5E0D01652BC0935800C90B63 /* ColorUtility.swift in Sources */,
				5E0D01672BC0B5CF00C90B63 /* MathHelper.swift in Sources */,
				5E4365CD2BC1FB8900457B65 /* PokemonViewModel.swift in Sources */,
				5E0D014B2BC00C3300C90B63 /* PokemonDetailView.swift in Sources */,
				5E0D012E2BBFF72800C90B63 /* PokettoApp.swift in Sources */,
				5E0D01582BC0348700C90B63 /* APIService.swift in Sources */,
				5E0D01412BC00BD100C90B63 /* PokemonList.swift in Sources */,
				5E0D015A2BC0349200C90B63 /* Constants.swift in Sources */,
				5E0D014E2BC01A3000C90B63 /* PokettoTabView.swift in Sources */,
				5E4365D02BC204FD00457B65 /* AsyncImageView.swift in Sources */,
				5E0D015F2BC0892800C90B63 /* PokemonDetail.swift in Sources */,
				5E0D01562BC02D9800C90B63 /* PokemonCell.swift in Sources */,
				5E4365CA2BC1ECAA00457B65 /* PokemonDetails.swift in Sources */,
			);
			runOnlyForDeploymentPostprocessing = 0;
		};
/* End PBXSourcesBuildPhase section */

/* Begin XCBuildConfiguration section */
		5E0D01362BBFF72A00C90B63 /* Debug */ = {
			isa = XCBuildConfiguration;
			buildSettings = {
				ALWAYS_SEARCH_USER_PATHS = NO;
				ASSETCATALOG_COMPILER_GENERATE_SWIFT_ASSET_SYMBOL_EXTENSIONS = YES;
				CLANG_ANALYZER_NONNULL = YES;
				CLANG_ANALYZER_NUMBER_OBJECT_CONVERSION = YES_AGGRESSIVE;
				CLANG_CXX_LANGUAGE_STANDARD = "gnu++20";
				CLANG_ENABLE_MODULES = YES;
				CLANG_ENABLE_OBJC_ARC = YES;
				CLANG_ENABLE_OBJC_WEAK = YES;
				CLANG_WARN_BLOCK_CAPTURE_AUTORELEASING = YES;
				CLANG_WARN_BOOL_CONVERSION = YES;
				CLANG_WARN_COMMA = YES;
				CLANG_WARN_CONSTANT_CONVERSION = YES;
				CLANG_WARN_DEPRECATED_OBJC_IMPLEMENTATIONS = YES;
				CLANG_WARN_DIRECT_OBJC_ISA_USAGE = YES_ERROR;
				CLANG_WARN_DOCUMENTATION_COMMENTS = YES;
				CLANG_WARN_EMPTY_BODY = YES;
				CLANG_WARN_ENUM_CONVERSION = YES;
				CLANG_WARN_INFINITE_RECURSION = YES;
				CLANG_WARN_INT_CONVERSION = YES;
				CLANG_WARN_NON_LITERAL_NULL_CONVERSION = YES;
				CLANG_WARN_OBJC_IMPLICIT_RETAIN_SELF = YES;
				CLANG_WARN_OBJC_LITERAL_CONVERSION = YES;
				CLANG_WARN_OBJC_ROOT_CLASS = YES_ERROR;
				CLANG_WARN_QUOTED_INCLUDE_IN_FRAMEWORK_HEADER = YES;
				CLANG_WARN_RANGE_LOOP_ANALYSIS = YES;
				CLANG_WARN_STRICT_PROTOTYPES = YES;
				CLANG_WARN_SUSPICIOUS_MOVE = YES;
				CLANG_WARN_UNGUARDED_AVAILABILITY = YES_AGGRESSIVE;
				CLANG_WARN_UNREACHABLE_CODE = YES;
				CLANG_WARN__DUPLICATE_METHOD_MATCH = YES;
				COPY_PHASE_STRIP = NO;
				DEBUG_INFORMATION_FORMAT = dwarf;
				ENABLE_STRICT_OBJC_MSGSEND = YES;
				ENABLE_TESTABILITY = YES;
				ENABLE_USER_SCRIPT_SANDBOXING = YES;
				GCC_C_LANGUAGE_STANDARD = gnu17;
				GCC_DYNAMIC_NO_PIC = NO;
				GCC_NO_COMMON_BLOCKS = YES;
				GCC_OPTIMIZATION_LEVEL = 0;
				GCC_PREPROCESSOR_DEFINITIONS = (
					"DEBUG=1",
					"$(inherited)",
				);
				GCC_WARN_64_TO_32_BIT_CONVERSION = YES;
				GCC_WARN_ABOUT_RETURN_TYPE = YES_ERROR;
				GCC_WARN_UNDECLARED_SELECTOR = YES;
				GCC_WARN_UNINITIALIZED_AUTOS = YES_AGGRESSIVE;
				GCC_WARN_UNUSED_FUNCTION = YES;
				GCC_WARN_UNUSED_VARIABLE = YES;
				IPHONEOS_DEPLOYMENT_TARGET = 17.0;
				LOCALIZATION_PREFERS_STRING_CATALOGS = YES;
				MTL_ENABLE_DEBUG_INFO = INCLUDE_SOURCE;
				MTL_FAST_MATH = YES;
				ONLY_ACTIVE_ARCH = YES;
				SDKROOT = iphoneos;
				SWIFT_ACTIVE_COMPILATION_CONDITIONS = "DEBUG $(inherited)";
				SWIFT_OPTIMIZATION_LEVEL = "-Onone";
			};
			name = Debug;
		};
		5E0D01372BBFF72A00C90B63 /* Release */ = {
			isa = XCBuildConfiguration;
			buildSettings = {
				ALWAYS_SEARCH_USER_PATHS = NO;
				ASSETCATALOG_COMPILER_GENERATE_SWIFT_ASSET_SYMBOL_EXTENSIONS = YES;
				CLANG_ANALYZER_NONNULL = YES;
				CLANG_ANALYZER_NUMBER_OBJECT_CONVERSION = YES_AGGRESSIVE;
				CLANG_CXX_LANGUAGE_STANDARD = "gnu++20";
				CLANG_ENABLE_MODULES = YES;
				CLANG_ENABLE_OBJC_ARC = YES;
				CLANG_ENABLE_OBJC_WEAK = YES;
				CLANG_WARN_BLOCK_CAPTURE_AUTORELEASING = YES;
				CLANG_WARN_BOOL_CONVERSION = YES;
				CLANG_WARN_COMMA = YES;
				CLANG_WARN_CONSTANT_CONVERSION = YES;
				CLANG_WARN_DEPRECATED_OBJC_IMPLEMENTATIONS = YES;
				CLANG_WARN_DIRECT_OBJC_ISA_USAGE = YES_ERROR;
				CLANG_WARN_DOCUMENTATION_COMMENTS = YES;
				CLANG_WARN_EMPTY_BODY = YES;
				CLANG_WARN_ENUM_CONVERSION = YES;
				CLANG_WARN_INFINITE_RECURSION = YES;
				CLANG_WARN_INT_CONVERSION = YES;
				CLANG_WARN_NON_LITERAL_NULL_CONVERSION = YES;
				CLANG_WARN_OBJC_IMPLICIT_RETAIN_SELF = YES;
				CLANG_WARN_OBJC_LITERAL_CONVERSION = YES;
				CLANG_WARN_OBJC_ROOT_CLASS = YES_ERROR;
				CLANG_WARN_QUOTED_INCLUDE_IN_FRAMEWORK_HEADER = YES;
				CLANG_WARN_RANGE_LOOP_ANALYSIS = YES;
				CLANG_WARN_STRICT_PROTOTYPES = YES;
				CLANG_WARN_SUSPICIOUS_MOVE = YES;
				CLANG_WARN_UNGUARDED_AVAILABILITY = YES_AGGRESSIVE;
				CLANG_WARN_UNREACHABLE_CODE = YES;
				CLANG_WARN__DUPLICATE_METHOD_MATCH = YES;
				COPY_PHASE_STRIP = NO;
				DEBUG_INFORMATION_FORMAT = "dwarf-with-dsym";
				ENABLE_NS_ASSERTIONS = NO;
				ENABLE_STRICT_OBJC_MSGSEND = YES;
				ENABLE_USER_SCRIPT_SANDBOXING = YES;
				GCC_C_LANGUAGE_STANDARD = gnu17;
				GCC_NO_COMMON_BLOCKS = YES;
				GCC_WARN_64_TO_32_BIT_CONVERSION = YES;
				GCC_WARN_ABOUT_RETURN_TYPE = YES_ERROR;
				GCC_WARN_UNDECLARED_SELECTOR = YES;
				GCC_WARN_UNINITIALIZED_AUTOS = YES_AGGRESSIVE;
				GCC_WARN_UNUSED_FUNCTION = YES;
				GCC_WARN_UNUSED_VARIABLE = YES;
				IPHONEOS_DEPLOYMENT_TARGET = 17.0;
				LOCALIZATION_PREFERS_STRING_CATALOGS = YES;
				MTL_ENABLE_DEBUG_INFO = NO;
				MTL_FAST_MATH = YES;
				SDKROOT = iphoneos;
				SWIFT_COMPILATION_MODE = wholemodule;
				VALIDATE_PRODUCT = YES;
			};
			name = Release;
		};
		5E0D01392BBFF72A00C90B63 /* Debug */ = {
			isa = XCBuildConfiguration;
			buildSettings = {
				ASSETCATALOG_COMPILER_APPICON_NAME = AppIcon;
				ASSETCATALOG_COMPILER_GLOBAL_ACCENT_COLOR_NAME = AccentColor;
				CODE_SIGN_STYLE = Automatic;
				CURRENT_PROJECT_VERSION = 1;
				DEVELOPMENT_ASSET_PATHS = "\"Poketto/Preview Content\"";
				DEVELOPMENT_TEAM = ZWQ368LVC2;
				ENABLE_PREVIEWS = YES;
				GENERATE_INFOPLIST_FILE = YES;
				INFOPLIST_FILE = Poketto/Info.plist;
				INFOPLIST_KEY_UIApplicationSceneManifest_Generation = YES;
				INFOPLIST_KEY_UIApplicationSupportsIndirectInputEvents = YES;
				INFOPLIST_KEY_UILaunchScreen_Generation = YES;
				INFOPLIST_KEY_UISupportedInterfaceOrientations_iPad = "UIInterfaceOrientationPortrait UIInterfaceOrientationPortraitUpsideDown UIInterfaceOrientationLandscapeLeft UIInterfaceOrientationLandscapeRight";
				INFOPLIST_KEY_UISupportedInterfaceOrientations_iPhone = "UIInterfaceOrientationPortrait UIInterfaceOrientationLandscapeLeft UIInterfaceOrientationLandscapeRight";
				LD_RUNPATH_SEARCH_PATHS = (
					"$(inherited)",
					"@executable_path/Frameworks",
				);
				MARKETING_VERSION = 1.0;
				PRODUCT_BUNDLE_IDENTIFIER = com.andirayunita.Poketto;
				PRODUCT_NAME = "$(TARGET_NAME)";
				SUPPORTED_PLATFORMS = "iphoneos iphonesimulator";
				SUPPORTS_MACCATALYST = NO;
				SUPPORTS_MAC_DESIGNED_FOR_IPHONE_IPAD = NO;
				SWIFT_EMIT_LOC_STRINGS = YES;
				SWIFT_VERSION = 5.0;
				TARGETED_DEVICE_FAMILY = 1;
			};
			name = Debug;
		};
		5E0D013A2BBFF72A00C90B63 /* Release */ = {
			isa = XCBuildConfiguration;
			buildSettings = {
				ASSETCATALOG_COMPILER_APPICON_NAME = AppIcon;
				ASSETCATALOG_COMPILER_GLOBAL_ACCENT_COLOR_NAME = AccentColor;
				CODE_SIGN_STYLE = Automatic;
				CURRENT_PROJECT_VERSION = 1;
				DEVELOPMENT_ASSET_PATHS = "\"Poketto/Preview Content\"";
				DEVELOPMENT_TEAM = ZWQ368LVC2;
				ENABLE_PREVIEWS = YES;
				GENERATE_INFOPLIST_FILE = YES;
				INFOPLIST_FILE = Poketto/Info.plist;
				INFOPLIST_KEY_UIApplicationSceneManifest_Generation = YES;
				INFOPLIST_KEY_UIApplicationSupportsIndirectInputEvents = YES;
				INFOPLIST_KEY_UILaunchScreen_Generation = YES;
				INFOPLIST_KEY_UISupportedInterfaceOrientations_iPad = "UIInterfaceOrientationPortrait UIInterfaceOrientationPortraitUpsideDown UIInterfaceOrientationLandscapeLeft UIInterfaceOrientationLandscapeRight";
				INFOPLIST_KEY_UISupportedInterfaceOrientations_iPhone = "UIInterfaceOrientationPortrait UIInterfaceOrientationLandscapeLeft UIInterfaceOrientationLandscapeRight";
				LD_RUNPATH_SEARCH_PATHS = (
					"$(inherited)",
					"@executable_path/Frameworks",
				);
				MARKETING_VERSION = 1.0;
				PRODUCT_BUNDLE_IDENTIFIER = com.andirayunita.Poketto;
				PRODUCT_NAME = "$(TARGET_NAME)";
				SUPPORTED_PLATFORMS = "iphoneos iphonesimulator";
				SUPPORTS_MACCATALYST = NO;
				SUPPORTS_MAC_DESIGNED_FOR_IPHONE_IPAD = NO;
				SWIFT_EMIT_LOC_STRINGS = YES;
				SWIFT_VERSION = 5.0;
				TARGETED_DEVICE_FAMILY = 1;
			};
			name = Release;
		};
/* End XCBuildConfiguration section */

/* Begin XCConfigurationList section */
		5E0D01252BBFF72800C90B63 /* Build configuration list for PBXProject "Poketto" */ = {
			isa = XCConfigurationList;
			buildConfigurations = (
				5E0D01362BBFF72A00C90B63 /* Debug */,
				5E0D01372BBFF72A00C90B63 /* Release */,
			);
			defaultConfigurationIsVisible = 0;
			defaultConfigurationName = Release;
		};
		5E0D01382BBFF72A00C90B63 /* Build configuration list for PBXNativeTarget "Poketto" */ = {
			isa = XCConfigurationList;
			buildConfigurations = (
				5E0D01392BBFF72A00C90B63 /* Debug */,
				5E0D013A2BBFF72A00C90B63 /* Release */,
			);
			defaultConfigurationIsVisible = 0;
			defaultConfigurationName = Release;
		};
/* End XCConfigurationList section */

/* Begin XCRemoteSwiftPackageReference section */
		5E0D015B2BC0830400C90B63 /* XCRemoteSwiftPackageReference "PokemonAPI" */ = {
			isa = XCRemoteSwiftPackageReference;
			repositoryURL = "https://github.com/kinkofer/PokemonAPI";
			requirement = {
				kind = upToNextMajorVersion;
				minimumVersion = 6.1.1;
			};
		};
/* End XCRemoteSwiftPackageReference section */

/* Begin XCSwiftPackageProductDependency section */
		5E0D015C2BC0830400C90B63 /* PokemonAPI */ = {
			isa = XCSwiftPackageProductDependency;
			package = 5E0D015B2BC0830400C90B63 /* XCRemoteSwiftPackageReference "PokemonAPI" */;
			productName = PokemonAPI;
		};
/* End XCSwiftPackageProductDependency section */
	};
	rootObject = 5E0D01222BBFF72800C90B63 /* Project object */;
}
